// !$*UTF8*$!
{
	archiveVersion = 1;
	classes = {
	};
	objectVersion = 56;
	objects = {

/* Begin PBXBuildFile section */
		111968382BFCC95800595F01 /* AppDelegate.swift in Sources */ = {isa = PBXBuildFile; fileRef = 111968372BFCC95800595F01 /* AppDelegate.swift */; };
		1119683A2BFCC95800595F01 /* SceneDelegate.swift in Sources */ = {isa = PBXBuildFile; fileRef = 111968392BFCC95800595F01 /* SceneDelegate.swift */; };
		1119683C2BFCC95800595F01 /* ViewController.swift in Sources */ = {isa = PBXBuildFile; fileRef = 1119683B2BFCC95800595F01 /* ViewController.swift */; };
		1119683F2BFCC95800595F01 /* Main.storyboard in Resources */ = {isa = PBXBuildFile; fileRef = 1119683D2BFCC95800595F01 /* Main.storyboard */; };
		111968412BFCC95A00595F01 /* Assets.xcassets in Resources */ = {isa = PBXBuildFile; fileRef = 111968402BFCC95A00595F01 /* Assets.xcassets */; };
		111968442BFCC95A00595F01 /* LaunchScreen.storyboard in Resources */ = {isa = PBXBuildFile; fileRef = 111968422BFCC95A00595F01 /* LaunchScreen.storyboard */; };
		111968512BFCC96300595F01 /* SQLiteBase.swift in Sources */ = {isa = PBXBuildFile; fileRef = 1119684C2BFCC96300595F01 /* SQLiteBase.swift */; };
		111968522BFCC96300595F01 /* SQLTable.swift in Sources */ = {isa = PBXBuildFile; fileRef = 1119684D2BFCC96300595F01 /* SQLTable.swift */; };
		111968532BFCC96300595F01 /* CloudDB.swift in Sources */ = {isa = PBXBuildFile; fileRef = 1119684E2BFCC96300595F01 /* CloudDB.swift */; };
		111968542BFCC96300595F01 /* SQLiteDB.swift in Sources */ = {isa = PBXBuildFile; fileRef = 1119684F2BFCC96300595F01 /* SQLiteDB.swift */; };
		111968552BFCC96300595F01 /* controll.sqlite in Resources */ = {isa = PBXBuildFile; fileRef = 111968502BFCC96300595F01 /* controll.sqlite */; };
/* End PBXBuildFile section */

/* Begin PBXFileReference section */
		111968342BFCC95800595F01 /* sqlLiteDemo.app */ = {isa = PBXFileReference; explicitFileType = wrapper.application; includeInIndex = 0; path = sqlLiteDemo.app; sourceTree = BUILT_PRODUCTS_DIR; };
		111968372BFCC95800595F01 /* AppDelegate.swift */ = {isa = PBXFileReference; lastKnownFileType = sourcecode.swift; path = AppDelegate.swift; sourceTree = "<group>"; };
		111968392BFCC95800595F01 /* SceneDelegate.swift */ = {isa = PBXFileReference; lastKnownFileType = sourcecode.swift; path = SceneDelegate.swift; sourceTree = "<group>"; };
		1119683B2BFCC95800595F01 /* ViewController.swift */ = {isa = PBXFileReference; lastKnownFileType = sourcecode.swift; path = ViewController.swift; sourceTree = "<group>"; };
		1119683E2BFCC95800595F01 /* Base */ = {isa = PBXFileReference; lastKnownFileType = file.storyboard; name = Base; path = Base.lproj/Main.storyboard; sourceTree = "<group>"; };
		111968402BFCC95A00595F01 /* Assets.xcassets */ = {isa = PBXFileReference; lastKnownFileType = folder.assetcatalog; path = Assets.xcassets; sourceTree = "<group>"; };
		111968432BFCC95A00595F01 /* Base */ = {isa = PBXFileReference; lastKnownFileType = file.storyboard; name = Base; path = Base.lproj/LaunchScreen.storyboard; sourceTree = "<group>"; };
		111968452BFCC95A00595F01 /* Info.plist */ = {isa = PBXFileReference; lastKnownFileType = text.plist.xml; path = Info.plist; sourceTree = "<group>"; };
		1119684C2BFCC96300595F01 /* SQLiteBase.swift */ = {isa = PBXFileReference; fileEncoding = 4; lastKnownFileType = sourcecode.swift; path = SQLiteBase.swift; sourceTree = "<group>"; };
		1119684D2BFCC96300595F01 /* SQLTable.swift */ = {isa = PBXFileReference; fileEncoding = 4; lastKnownFileType = sourcecode.swift; path = SQLTable.swift; sourceTree = "<group>"; };
		1119684E2BFCC96300595F01 /* CloudDB.swift */ = {isa = PBXFileReference; fileEncoding = 4; lastKnownFileType = sourcecode.swift; path = CloudDB.swift; sourceTree = "<group>"; };
		1119684F2BFCC96300595F01 /* SQLiteDB.swift */ = {isa = PBXFileReference; fileEncoding = 4; lastKnownFileType = sourcecode.swift; path = SQLiteDB.swift; sourceTree = "<group>"; };
		111968502BFCC96300595F01 /* controll.sqlite */ = {isa = PBXFileReference; lastKnownFileType = file; path = controll.sqlite; sourceTree = "<group>"; };
		111968562BFCC97B00595F01 /* Header.h */ = {isa = PBXFileReference; lastKnownFileType = sourcecode.c.h; path = Header.h; sourceTree = "<group>"; };
/* End PBXFileReference section */

/* Begin PBXFrameworksBuildPhase section */
		111968312BFCC95800595F01 /* Frameworks */ = {
			isa = PBXFrameworksBuildPhase;
			buildActionMask = 2147483647;
			files = (
			);
			runOnlyForDeploymentPostprocessing = 0;
		};
/* End PBXFrameworksBuildPhase section */

/* Begin PBXGroup section */
		1119682B2BFCC95800595F01 = {
			isa = PBXGroup;
			children = (
				111968362BFCC95800595F01 /* sqlLiteDemo */,
				111968352BFCC95800595F01 /* Products */,
			);
			sourceTree = "<group>";
		};
		111968352BFCC95800595F01 /* Products */ = {
			isa = PBXGroup;
			children = (
				111968342BFCC95800595F01 /* sqlLiteDemo.app */,
			);
			name = Products;
			sourceTree = "<group>";
		};
		111968362BFCC95800595F01 /* sqlLiteDemo */ = {
			isa = PBXGroup;
			children = (
				111968372BFCC95800595F01 /* AppDelegate.swift */,
				111968392BFCC95800595F01 /* SceneDelegate.swift */,
				1119683B2BFCC95800595F01 /* ViewController.swift */,
				1119683D2BFCC95800595F01 /* Main.storyboard */,
				111968402BFCC95A00595F01 /* Assets.xcassets */,
				1119684B2BFCC96300595F01 /* SQLite */,
				111968422BFCC95A00595F01 /* LaunchScreen.storyboard */,
				111968452BFCC95A00595F01 /* Info.plist */,
				111968562BFCC97B00595F01 /* Header.h */,
			);
			path = sqlLiteDemo;
			sourceTree = "<group>";
		};
		1119684B2BFCC96300595F01 /* SQLite */ = {
			isa = PBXGroup;
			children = (
				1119684C2BFCC96300595F01 /* SQLiteBase.swift */,
				1119684D2BFCC96300595F01 /* SQLTable.swift */,
				1119684E2BFCC96300595F01 /* CloudDB.swift */,
				1119684F2BFCC96300595F01 /* SQLiteDB.swift */,
				111968502BFCC96300595F01 /* controll.sqlite */,
			);
			path = SQLite;
			sourceTree = "<group>";
		};
/* End PBXGroup section */

/* Begin PBXNativeTarget section */
		111968332BFCC95800595F01 /* sqlLiteDemo */ = {
			isa = PBXNativeTarget;
			buildConfigurationList = 111968482BFCC95A00595F01 /* Build configuration list for PBXNativeTarget "sqlLiteDemo" */;
			buildPhases = (
				111968302BFCC95800595F01 /* Sources */,
				111968312BFCC95800595F01 /* Frameworks */,
				111968322BFCC95800595F01 /* Resources */,
			);
			buildRules = (
			);
			dependencies = (
			);
			name = sqlLiteDemo;
			productName = sqlLiteDemo;
			productReference = 111968342BFCC95800595F01 /* sqlLiteDemo.app */;
			productType = "com.apple.product-type.application";
		};
/* End PBXNativeTarget section */

/* Begin PBXProject section */
		1119682C2BFCC95800595F01 /* Project object */ = {
			isa = PBXProject;
			attributes = {
				BuildIndependentTargetsInParallel = 1;
				LastSwiftUpdateCheck = 1430;
				LastUpgradeCheck = 1430;
				TargetAttributes = {
					111968332BFCC95800595F01 = {
						CreatedOnToolsVersion = 14.3.1;
					};
				};
			};
			buildConfigurationList = 1119682F2BFCC95800595F01 /* Build configuration list for PBXProject "sqlLiteDemo" */;
			compatibilityVersion = "Xcode 14.0";
			developmentRegion = en;
			hasScannedForEncodings = 0;
			knownRegions = (
				en,
				Base,
			);
			mainGroup = 1119682B2BFCC95800595F01;
			productRefGroup = 111968352BFCC95800595F01 /* Products */;
			projectDirPath = "";
			projectRoot = "";
			targets = (
				111968332BFCC95800595F01 /* sqlLiteDemo */,
			);
		};
/* End PBXProject section */

/* Begin PBXResourcesBuildPhase section */
		111968322BFCC95800595F01 /* Resources */ = {
			isa = PBXResourcesBuildPhase;
			buildActionMask = 2147483647;
			files = (
				111968552BFCC96300595F01 /* controll.sqlite in Resources */,
				111968442BFCC95A00595F01 /* LaunchScreen.storyboard in Resources */,
				111968412BFCC95A00595F01 /* Assets.xcassets in Resources */,
				1119683F2BFCC95800595F01 /* Main.storyboard in Resources */,
			);
			runOnlyForDeploymentPostprocessing = 0;
		};
/* End PBXResourcesBuildPhase section */

/* Begin PBXSourcesBuildPhase section */
		111968302BFCC95800595F01 /* Sources */ = {
			isa = PBXSourcesBuildPhase;
			buildActionMask = 2147483647;
			files = (
				111968512BFCC96300595F01 /* SQLiteBase.swift in Sources */,
				1119683C2BFCC95800595F01 /* ViewController.swift in Sources */,
				111968382BFCC95800595F01 /* AppDelegate.swift in Sources */,
				1119683A2BFCC95800595F01 /* SceneDelegate.swift in Sources */,
				111968522BFCC96300595F01 /* SQLTable.swift in Sources */,
				111968532BFCC96300595F01 /* CloudDB.swift in Sources */,
				111968542BFCC96300595F01 /* SQLiteDB.swift in Sources */,
			);
			runOnlyForDeploymentPostprocessing = 0;
		};
/* End PBXSourcesBuildPhase section */

/* Begin PBXVariantGroup section */
		1119683D2BFCC95800595F01 /* Main.storyboard */ = {
			isa = PBXVariantGroup;
			children = (
				1119683E2BFCC95800595F01 /* Base */,
			);
			name = Main.storyboard;
			sourceTree = "<group>";
		};
		111968422BFCC95A00595F01 /* LaunchScreen.storyboard */ = {
			isa = PBXVariantGroup;
			children = (
				111968432BFCC95A00595F01 /* Base */,
			);
			name = LaunchScreen.storyboard;
			sourceTree = "<group>";
		};
/* End PBXVariantGroup section */

/* Begin XCBuildConfiguration section */
		111968462BFCC95A00595F01 /* Debug */ = {
			isa = XCBuildConfiguration;
			buildSettings = {
				ALWAYS_SEARCH_USER_PATHS = NO;
				CLANG_ANALYZER_NONNULL = YES;
				CLANG_ANALYZER_NUMBER_OBJECT_CONVERSION = YES_AGGRESSIVE;
				CLANG_CXX_LANGUAGE_STANDARD = "gnu++20";
				CLANG_ENABLE_MODULES = YES;
				CLANG_ENABLE_OBJC_ARC = YES;
				CLANG_ENABLE_OBJC_WEAK = YES;
				CLANG_WARN_BLOCK_CAPTURE_AUTORELEASING = YES;
				CLANG_WARN_BOOL_CONVERSION = YES;
				CLANG_WARN_COMMA = YES;
				CLANG_WARN_CONSTANT_CONVERSION = YES;
				CLANG_WARN_DEPRECATED_OBJC_IMPLEMENTATIONS = YES;
				CLANG_WARN_DIRECT_OBJC_ISA_USAGE = YES_ERROR;
				CLANG_WARN_DOCUMENTATION_COMMENTS = YES;
				CLANG_WARN_EMPTY_BODY = YES;
				CLANG_WARN_ENUM_CONVERSION = YES;
				CLANG_WARN_INFINITE_RECURSION = YES;
				CLANG_WARN_INT_CONVERSION = YES;
				CLANG_WARN_NON_LITERAL_NULL_CONVERSION = YES;
				CLANG_WARN_OBJC_IMPLICIT_RETAIN_SELF = YES;
				CLANG_WARN_OBJC_LITERAL_CONVERSION = YES;
				CLANG_WARN_OBJC_ROOT_CLASS = YES_ERROR;
				CLANG_WARN_QUOTED_INCLUDE_IN_FRAMEWORK_HEADER = YES;
				CLANG_WARN_RANGE_LOOP_ANALYSIS = YES;
				CLANG_WARN_STRICT_PROTOTYPES = YES;
				CLANG_WARN_SUSPICIOUS_MOVE = YES;
				CLANG_WARN_UNGUARDED_AVAILABILITY = YES_AGGRESSIVE;
				CLANG_WARN_UNREACHABLE_CODE = YES;
				CLANG_WARN__DUPLICATE_METHOD_MATCH = YES;
				COPY_PHASE_STRIP = NO;
				DEBUG_INFORMATION_FORMAT = dwarf;
				ENABLE_STRICT_OBJC_MSGSEND = YES;
				ENABLE_TESTABILITY = YES;
				GCC_C_LANGUAGE_STANDARD = gnu11;
				GCC_DYNAMIC_NO_PIC = NO;
				GCC_NO_COMMON_BLOCKS = YES;
				GCC_OPTIMIZATION_LEVEL = 0;
				GCC_PREPROCESSOR_DEFINITIONS = (
					"DEBUG=1",
					"$(inherited)",
				);
				GCC_WARN_64_TO_32_BIT_CONVERSION = YES;
				GCC_WARN_ABOUT_RETURN_TYPE = YES_ERROR;
				GCC_WARN_UNDECLARED_SELECTOR = YES;
				GCC_WARN_UNINITIALIZED_AUTOS = YES_AGGRESSIVE;
				GCC_WARN_UNUSED_FUNCTION = YES;
				GCC_WARN_UNUSED_VARIABLE = YES;
				IPHONEOS_DEPLOYMENT_TARGET = 16.4;
				MTL_ENABLE_DEBUG_INFO = INCLUDE_SOURCE;
				MTL_FAST_MATH = YES;
				ONLY_ACTIVE_ARCH = YES;
				SDKROOT = iphoneos;
				SWIFT_ACTIVE_COMPILATION_CONDITIONS = DEBUG;
				SWIFT_OPTIMIZATION_LEVEL = "-Onone";
			};
			name = Debug;
		};
		111968472BFCC95A00595F01 /* Release */ = {
			isa = XCBuildConfiguration;
			buildSettings = {
				ALWAYS_SEARCH_USER_PATHS = NO;
				CLANG_ANALYZER_NONNULL = YES;
				CLANG_ANALYZER_NUMBER_OBJECT_CONVERSION = YES_AGGRESSIVE;
				CLANG_CXX_LANGUAGE_STANDARD = "gnu++20";
				CLANG_ENABLE_MODULES = YES;
				CLANG_ENABLE_OBJC_ARC = YES;
				CLANG_ENABLE_OBJC_WEAK = YES;
				CLANG_WARN_BLOCK_CAPTURE_AUTORELEASING = YES;
				CLANG_WARN_BOOL_CONVERSION = YES;
				CLANG_WARN_COMMA = YES;
				CLANG_WARN_CONSTANT_CONVERSION = YES;
				CLANG_WARN_DEPRECATED_OBJC_IMPLEMENTATIONS = YES;
				CLANG_WARN_DIRECT_OBJC_ISA_USAGE = YES_ERROR;
				CLANG_WARN_DOCUMENTATION_COMMENTS = YES;
				CLANG_WARN_EMPTY_BODY = YES;
				CLANG_WARN_ENUM_CONVERSION = YES;
				CLANG_WARN_INFINITE_RECURSION = YES;
				CLANG_WARN_INT_CONVERSION = YES;
				CLANG_WARN_NON_LITERAL_NULL_CONVERSION = YES;
				CLANG_WARN_OBJC_IMPLICIT_RETAIN_SELF = YES;
				CLANG_WARN_OBJC_LITERAL_CONVERSION = YES;
				CLANG_WARN_OBJC_ROOT_CLASS = YES_ERROR;
				CLANG_WARN_QUOTED_INCLUDE_IN_FRAMEWORK_HEADER = YES;
				CLANG_WARN_RANGE_LOOP_ANALYSIS = YES;
				CLANG_WARN_STRICT_PROTOTYPES = YES;
				CLANG_WARN_SUSPICIOUS_MOVE = YES;
				CLANG_WARN_UNGUARDED_AVAILABILITY = YES_AGGRESSIVE;
				CLANG_WARN_UNREACHABLE_CODE = YES;
				CLANG_WARN__DUPLICATE_METHOD_MATCH = YES;
				COPY_PHASE_STRIP = NO;
				DEBUG_INFORMATION_FORMAT = "dwarf-with-dsym";
				ENABLE_NS_ASSERTIONS = NO;
				ENABLE_STRICT_OBJC_MSGSEND = YES;
				GCC_C_LANGUAGE_STANDARD = gnu11;
				GCC_NO_COMMON_BLOCKS = YES;
				GCC_WARN_64_TO_32_BIT_CONVERSION = YES;
				GCC_WARN_ABOUT_RETURN_TYPE = YES_ERROR;
				GCC_WARN_UNDECLARED_SELECTOR = YES;
				GCC_WARN_UNINITIALIZED_AUTOS = YES_AGGRESSIVE;
				GCC_WARN_UNUSED_FUNCTION = YES;
				GCC_WARN_UNUSED_VARIABLE = YES;
				IPHONEOS_DEPLOYMENT_TARGET = 16.4;
				MTL_ENABLE_DEBUG_INFO = NO;
				MTL_FAST_MATH = YES;
				SDKROOT = iphoneos;
				SWIFT_COMPILATION_MODE = wholemodule;
				SWIFT_OPTIMIZATION_LEVEL = "-O";
				VALIDATE_PRODUCT = YES;
			};
			name = Release;
		};
		111968492BFCC95A00595F01 /* Debug */ = {
			isa = XCBuildConfiguration;
			buildSettings = {
				ASSETCATALOG_COMPILER_APPICON_NAME = AppIcon;
				ASSETCATALOG_COMPILER_GLOBAL_ACCENT_COLOR_NAME = AccentColor;
				CODE_SIGN_STYLE = Automatic;
				CURRENT_PROJECT_VERSION = 1;
				DEVELOPMENT_TEAM = YWQULNJ8ZA;
				GENERATE_INFOPLIST_FILE = YES;
				INFOPLIST_FILE = sqlLiteDemo/Info.plist;
				INFOPLIST_KEY_UIApplicationSupportsIndirectInputEvents = YES;
				INFOPLIST_KEY_UILaunchStoryboardName = LaunchScreen;
				INFOPLIST_KEY_UIMainStoryboardFile = Main;
				INFOPLIST_KEY_UISupportedInterfaceOrientations_iPad = "UIInterfaceOrientationPortrait UIInterfaceOrientationPortraitUpsideDown UIInterfaceOrientationLandscapeLeft UIInterfaceOrientationLandscapeRight";
				INFOPLIST_KEY_UISupportedInterfaceOrientations_iPhone = "UIInterfaceOrientationPortrait UIInterfaceOrientationLandscapeLeft UIInterfaceOrientationLandscapeRight";
				LD_RUNPATH_SEARCH_PATHS = (
					"$(inherited)",
					"@executable_path/Frameworks",
				);
				MARKETING_VERSION = 1.0;
				PRODUCT_BUNDLE_IDENTIFIER = com.app.sqlLiteDemo;
				PRODUCT_NAME = "$(TARGET_NAME)";
				SWIFT_EMIT_LOC_STRINGS = YES;
				SWIFT_OBJC_BRIDGING_HEADER = $SRCROOT/sqlLiteDemo/Header.h;
				SWIFT_VERSION = 5.0;
				TARGETED_DEVICE_FAMILY = "1,2";
			};
			name = Debug;
		};
		1119684A2BFCC95A00595F01 /* Release */ = {
			isa = XCBuildConfiguration;
			buildSettings = {
				ASSETCATALOG_COMPILER_APPICON_NAME = AppIcon;
				ASSETCATALOG_COMPILER_GLOBAL_ACCENT_COLOR_NAME = AccentColor;
				CODE_SIGN_STYLE = Automatic;
				CURRENT_PROJECT_VERSION = 1;
				DEVELOPMENT_TEAM = YWQULNJ8ZA;
				GENERATE_INFOPLIST_FILE = YES;
				INFOPLIST_FILE = sqlLiteDemo/Info.plist;
				INFOPLIST_KEY_UIApplicationSupportsIndirectInputEvents = YES;
				INFOPLIST_KEY_UILaunchStoryboardName = LaunchScreen;
				INFOPLIST_KEY_UIMainStoryboardFile = Main;
				INFOPLIST_KEY_UISupportedInterfaceOrientations_iPad = "UIInterfaceOrientationPortrait UIInterfaceOrientationPortraitUpsideDown UIInterfaceOrientationLandscapeLeft UIInterfaceOrientationLandscapeRight";
				INFOPLIST_KEY_UISupportedInterfaceOrientations_iPhone = "UIInterfaceOrientationPortrait UIInterfaceOrientationLandscapeLeft UIInterfaceOrientationLandscapeRight";
				LD_RUNPATH_SEARCH_PATHS = (
					"$(inherited)",
					"@executable_path/Frameworks",
				);
				MARKETING_VERSION = 1.0;
				PRODUCT_BUNDLE_IDENTIFIER = com.app.sqlLiteDemo;
				PRODUCT_NAME = "$(TARGET_NAME)";
				SWIFT_EMIT_LOC_STRINGS = YES;
				SWIFT_OBJC_BRIDGING_HEADER = $SRCROOT/sqlLiteDemo/Header.h;
				SWIFT_VERSION = 5.0;
				TARGETED_DEVICE_FAMILY = "1,2";
			};
			name = Release;
		};
/* End XCBuildConfiguration section */

/* Begin XCConfigurationList section */
		1119682F2BFCC95800595F01 /* Build configuration list for PBXProject "sqlLiteDemo" */ = {
			isa = XCConfigurationList;
			buildConfigurations = (
				111968462BFCC95A00595F01 /* Debug */,
				111968472BFCC95A00595F01 /* Release */,
			);
			defaultConfigurationIsVisible = 0;
			defaultConfigurationName = Release;
		};
		111968482BFCC95A00595F01 /* Build configuration list for PBXNativeTarget "sqlLiteDemo" */ = {
			isa = XCConfigurationList;
			buildConfigurations = (
				111968492BFCC95A00595F01 /* Debug */,
				1119684A2BFCC95A00595F01 /* Release */,
			);
			defaultConfigurationIsVisible = 0;
			defaultConfigurationName = Release;
		};
/* End XCConfigurationList section */
	};
	rootObject = 1119682C2BFCC95800595F01 /* Project object */;
}
